// !$*UTF8*$!
{
	archiveVersion = 1;
	classes = {
	};
	objectVersion = 56;
	objects = {

/* Begin PBXBuildFile section */
		0FE6B3700C8C49011E015832 /* Pods_FantasticView.framework in Frameworks */ = {isa = PBXBuildFile; fileRef = 61C6B30909C342F571AA13F5 /* Pods_FantasticView.framework */; };
		A5CBDCBF94B476818BDC03F0 /* Pods_FantasticViewTests.framework in Frameworks */ = {isa = PBXBuildFile; fileRef = AA4775CEC8C7D5334D410BEA /* Pods_FantasticViewTests.framework */; };
		ED70D5A1DF5A3158D1AE1C12 /* Pods_FantasticView_FantasticViewUITests.framework in Frameworks */ = {isa = PBXBuildFile; fileRef = 01B3170BD4F09063F8D92312 /* Pods_FantasticView_FantasticViewUITests.framework */; };
		F3684FD62AA2EA100048A32B /* FantasticNode.swift in Sources */ = {isa = PBXBuildFile; fileRef = F3684FD52AA2EA100048A32B /* FantasticNode.swift */; };
		F3684FD82AA2EACF0048A32B /* FantasticViewController.swift in Sources */ = {isa = PBXBuildFile; fileRef = F3684FD72AA2EACF0048A32B /* FantasticViewController.swift */; };
		F3684FDD2AA2EEA50048A32B /* SceneDelegate+Extension.swift in Sources */ = {isa = PBXBuildFile; fileRef = F3684FDC2AA2EEA50048A32B /* SceneDelegate+Extension.swift */; };
		F3A8B62F2A99A12800D1D5DD /* AppDelegate.swift in Sources */ = {isa = PBXBuildFile; fileRef = F3A8B62E2A99A12800D1D5DD /* AppDelegate.swift */; };
		F3A8B6312A99A12800D1D5DD /* SceneDelegate.swift in Sources */ = {isa = PBXBuildFile; fileRef = F3A8B6302A99A12800D1D5DD /* SceneDelegate.swift */; };
		F3A8B6332A99A12800D1D5DD /* ViewController.swift in Sources */ = {isa = PBXBuildFile; fileRef = F3A8B6322A99A12800D1D5DD /* ViewController.swift */; };
		F3A8B6362A99A12800D1D5DD /* Main.storyboard in Resources */ = {isa = PBXBuildFile; fileRef = F3A8B6342A99A12800D1D5DD /* Main.storyboard */; };
		F3A8B6382A99A12900D1D5DD /* Assets.xcassets in Resources */ = {isa = PBXBuildFile; fileRef = F3A8B6372A99A12900D1D5DD /* Assets.xcassets */; };
		F3A8B63B2A99A12900D1D5DD /* LaunchScreen.storyboard in Resources */ = {isa = PBXBuildFile; fileRef = F3A8B6392A99A12900D1D5DD /* LaunchScreen.storyboard */; };
		F3A8B6462A99A12A00D1D5DD /* FantasticViewTests.swift in Sources */ = {isa = PBXBuildFile; fileRef = F3A8B6452A99A12A00D1D5DD /* FantasticViewTests.swift */; };
		F3A8B6502A99A12A00D1D5DD /* FantasticViewUITests.swift in Sources */ = {isa = PBXBuildFile; fileRef = F3A8B64F2A99A12A00D1D5DD /* FantasticViewUITests.swift */; };
		F3A8B6522A99A12A00D1D5DD /* FantasticViewUITestsLaunchTests.swift in Sources */ = {isa = PBXBuildFile; fileRef = F3A8B6512A99A12A00D1D5DD /* FantasticViewUITestsLaunchTests.swift */; };
		F3A8B65F2A99A15E00D1D5DD /* FantasticView.swift in Sources */ = {isa = PBXBuildFile; fileRef = F3A8B65E2A99A15E00D1D5DD /* FantasticView.swift */; };
/* End PBXBuildFile section */

/* Begin PBXContainerItemProxy section */
		F3A8B6422A99A12A00D1D5DD /* PBXContainerItemProxy */ = {
			isa = PBXContainerItemProxy;
			containerPortal = F3A8B6232A99A12800D1D5DD /* Project object */;
			proxyType = 1;
			remoteGlobalIDString = F3A8B62A2A99A12800D1D5DD;
			remoteInfo = FantasticView;
		};
		F3A8B64C2A99A12A00D1D5DD /* PBXContainerItemProxy */ = {
			isa = PBXContainerItemProxy;
			containerPortal = F3A8B6232A99A12800D1D5DD /* Project object */;
			proxyType = 1;
			remoteGlobalIDString = F3A8B62A2A99A12800D1D5DD;
			remoteInfo = FantasticView;
		};
/* End PBXContainerItemProxy section */

/* Begin PBXFileReference section */
		01B3170BD4F09063F8D92312 /* Pods_FantasticView_FantasticViewUITests.framework */ = {isa = PBXFileReference; explicitFileType = wrapper.framework; includeInIndex = 0; path = Pods_FantasticView_FantasticViewUITests.framework; sourceTree = BUILT_PRODUCTS_DIR; };
		0711E9E3AE2E569C80AF514E /* Pods-FantasticView-FantasticViewUITests.debug.xcconfig */ = {isa = PBXFileReference; includeInIndex = 1; lastKnownFileType = text.xcconfig; name = "Pods-FantasticView-FantasticViewUITests.debug.xcconfig"; path = "Target Support Files/Pods-FantasticView-FantasticViewUITests/Pods-FantasticView-FantasticViewUITests.debug.xcconfig"; sourceTree = "<group>"; };
		2A0456D2B860A6AF09D6B262 /* Pods-FantasticView.release.xcconfig */ = {isa = PBXFileReference; includeInIndex = 1; lastKnownFileType = text.xcconfig; name = "Pods-FantasticView.release.xcconfig"; path = "Target Support Files/Pods-FantasticView/Pods-FantasticView.release.xcconfig"; sourceTree = "<group>"; };
		35BA4FB7C008D7D19C487F91 /* Pods-FantasticView-FantasticViewUITests.release.xcconfig */ = {isa = PBXFileReference; includeInIndex = 1; lastKnownFileType = text.xcconfig; name = "Pods-FantasticView-FantasticViewUITests.release.xcconfig"; path = "Target Support Files/Pods-FantasticView-FantasticViewUITests/Pods-FantasticView-FantasticViewUITests.release.xcconfig"; sourceTree = "<group>"; };
		3F75D2D15AA7178C01556B2C /* Pods-FantasticViewTests.release.xcconfig */ = {isa = PBXFileReference; includeInIndex = 1; lastKnownFileType = text.xcconfig; name = "Pods-FantasticViewTests.release.xcconfig"; path = "Target Support Files/Pods-FantasticViewTests/Pods-FantasticViewTests.release.xcconfig"; sourceTree = "<group>"; };
		61C6B30909C342F571AA13F5 /* Pods_FantasticView.framework */ = {isa = PBXFileReference; explicitFileType = wrapper.framework; includeInIndex = 0; path = Pods_FantasticView.framework; sourceTree = BUILT_PRODUCTS_DIR; };
		AA4775CEC8C7D5334D410BEA /* Pods_FantasticViewTests.framework */ = {isa = PBXFileReference; explicitFileType = wrapper.framework; includeInIndex = 0; path = Pods_FantasticViewTests.framework; sourceTree = BUILT_PRODUCTS_DIR; };
		CDDD00ACD71FF143D7874B34 /* Pods-FantasticView.debug.xcconfig */ = {isa = PBXFileReference; includeInIndex = 1; lastKnownFileType = text.xcconfig; name = "Pods-FantasticView.debug.xcconfig"; path = "Target Support Files/Pods-FantasticView/Pods-FantasticView.debug.xcconfig"; sourceTree = "<group>"; };
		D9300A98D5D4E1EFE6891991 /* Pods-FantasticViewTests.debug.xcconfig */ = {isa = PBXFileReference; includeInIndex = 1; lastKnownFileType = text.xcconfig; name = "Pods-FantasticViewTests.debug.xcconfig"; path = "Target Support Files/Pods-FantasticViewTests/Pods-FantasticViewTests.debug.xcconfig"; sourceTree = "<group>"; };
		F3684FD52AA2EA100048A32B /* FantasticNode.swift */ = {isa = PBXFileReference; lastKnownFileType = sourcecode.swift; path = FantasticNode.swift; sourceTree = "<group>"; };
		F3684FD72AA2EACF0048A32B /* FantasticViewController.swift */ = {isa = PBXFileReference; lastKnownFileType = sourcecode.swift; path = FantasticViewController.swift; sourceTree = "<group>"; };
		F3684FDC2AA2EEA50048A32B /* SceneDelegate+Extension.swift */ = {isa = PBXFileReference; lastKnownFileType = sourcecode.swift; path = "SceneDelegate+Extension.swift"; sourceTree = "<group>"; };
		F3A8B62B2A99A12800D1D5DD /* FantasticView.app */ = {isa = PBXFileReference; explicitFileType = wrapper.application; includeInIndex = 0; path = FantasticView.app; sourceTree = BUILT_PRODUCTS_DIR; };
		F3A8B62E2A99A12800D1D5DD /* AppDelegate.swift */ = {isa = PBXFileReference; lastKnownFileType = sourcecode.swift; path = AppDelegate.swift; sourceTree = "<group>"; };
		F3A8B6302A99A12800D1D5DD /* SceneDelegate.swift */ = {isa = PBXFileReference; lastKnownFileType = sourcecode.swift; path = SceneDelegate.swift; sourceTree = "<group>"; };
		F3A8B6322A99A12800D1D5DD /* ViewController.swift */ = {isa = PBXFileReference; lastKnownFileType = sourcecode.swift; path = ViewController.swift; sourceTree = "<group>"; };
		F3A8B6352A99A12800D1D5DD /* Base */ = {isa = PBXFileReference; lastKnownFileType = file.storyboard; name = Base; path = Base.lproj/Main.storyboard; sourceTree = "<group>"; };
		F3A8B6372A99A12900D1D5DD /* Assets.xcassets */ = {isa = PBXFileReference; lastKnownFileType = folder.assetcatalog; path = Assets.xcassets; sourceTree = "<group>"; };
		F3A8B63A2A99A12900D1D5DD /* Base */ = {isa = PBXFileReference; lastKnownFileType = file.storyboard; name = Base; path = Base.lproj/LaunchScreen.storyboard; sourceTree = "<group>"; };
		F3A8B63C2A99A12900D1D5DD /* Info.plist */ = {isa = PBXFileReference; lastKnownFileType = text.plist.xml; path = Info.plist; sourceTree = "<group>"; };
		F3A8B6412A99A12A00D1D5DD /* FantasticViewTests.xctest */ = {isa = PBXFileReference; explicitFileType = wrapper.cfbundle; includeInIndex = 0; path = FantasticViewTests.xctest; sourceTree = BUILT_PRODUCTS_DIR; };
		F3A8B6452A99A12A00D1D5DD /* FantasticViewTests.swift */ = {isa = PBXFileReference; lastKnownFileType = sourcecode.swift; path = FantasticViewTests.swift; sourceTree = "<group>"; };
		F3A8B64B2A99A12A00D1D5DD /* FantasticViewUITests.xctest */ = {isa = PBXFileReference; explicitFileType = wrapper.cfbundle; includeInIndex = 0; path = FantasticViewUITests.xctest; sourceTree = BUILT_PRODUCTS_DIR; };
		F3A8B64F2A99A12A00D1D5DD /* FantasticViewUITests.swift */ = {isa = PBXFileReference; lastKnownFileType = sourcecode.swift; path = FantasticViewUITests.swift; sourceTree = "<group>"; };
		F3A8B6512A99A12A00D1D5DD /* FantasticViewUITestsLaunchTests.swift */ = {isa = PBXFileReference; lastKnownFileType = sourcecode.swift; path = FantasticViewUITestsLaunchTests.swift; sourceTree = "<group>"; };
		F3A8B65E2A99A15E00D1D5DD /* FantasticView.swift */ = {isa = PBXFileReference; lastKnownFileType = sourcecode.swift; path = FantasticView.swift; sourceTree = "<group>"; };
/* End PBXFileReference section */

/* Begin PBXFrameworksBuildPhase section */
		F3A8B6282A99A12800D1D5DD /* Frameworks */ = {
			isa = PBXFrameworksBuildPhase;
			buildActionMask = 2147483647;
			files = (
				0FE6B3700C8C49011E015832 /* Pods_FantasticView.framework in Frameworks */,
			);
			runOnlyForDeploymentPostprocessing = 0;
		};
		F3A8B63E2A99A12A00D1D5DD /* Frameworks */ = {
			isa = PBXFrameworksBuildPhase;
			buildActionMask = 2147483647;
			files = (
				A5CBDCBF94B476818BDC03F0 /* Pods_FantasticViewTests.framework in Frameworks */,
			);
			runOnlyForDeploymentPostprocessing = 0;
		};
		F3A8B6482A99A12A00D1D5DD /* Frameworks */ = {
			isa = PBXFrameworksBuildPhase;
			buildActionMask = 2147483647;
			files = (
				ED70D5A1DF5A3158D1AE1C12 /* Pods_FantasticView_FantasticViewUITests.framework in Frameworks */,
			);
			runOnlyForDeploymentPostprocessing = 0;
		};
/* End PBXFrameworksBuildPhase section */

/* Begin PBXGroup section */
		57E480DFB2201E76459E015A /* Pods */ = {
			isa = PBXGroup;
			children = (
				CDDD00ACD71FF143D7874B34 /* Pods-FantasticView.debug.xcconfig */,
				2A0456D2B860A6AF09D6B262 /* Pods-FantasticView.release.xcconfig */,
				0711E9E3AE2E569C80AF514E /* Pods-FantasticView-FantasticViewUITests.debug.xcconfig */,
				35BA4FB7C008D7D19C487F91 /* Pods-FantasticView-FantasticViewUITests.release.xcconfig */,
				D9300A98D5D4E1EFE6891991 /* Pods-FantasticViewTests.debug.xcconfig */,
				3F75D2D15AA7178C01556B2C /* Pods-FantasticViewTests.release.xcconfig */,
			);
			path = Pods;
			sourceTree = "<group>";
		};
		F3684FD92AA2EE480048A32B /* UIKitExample */ = {
			isa = PBXGroup;
			children = (
				F3A8B65E2A99A15E00D1D5DD /* FantasticView.swift */,
				F3A8B6322A99A12800D1D5DD /* ViewController.swift */,
			);
			path = UIKitExample;
			sourceTree = "<group>";
		};
		F3684FDA2AA2EE6D0048A32B /* TextureExample */ = {
			isa = PBXGroup;
			children = (
				F3684FD52AA2EA100048A32B /* FantasticNode.swift */,
				F3684FD72AA2EACF0048A32B /* FantasticViewController.swift */,
			);
			path = TextureExample;
			sourceTree = "<group>";
		};
		F3684FDB2AA2EE8F0048A32B /* Helper */ = {
			isa = PBXGroup;
			children = (
				F3684FDC2AA2EEA50048A32B /* SceneDelegate+Extension.swift */,
			);
			path = Helper;
			sourceTree = "<group>";
		};
		F3A8B6222A99A12800D1D5DD = {
			isa = PBXGroup;
			children = (
				F3A8B62D2A99A12800D1D5DD /* FantasticView */,
				F3A8B6442A99A12A00D1D5DD /* FantasticViewTests */,
				F3A8B64E2A99A12A00D1D5DD /* FantasticViewUITests */,
				F3A8B62C2A99A12800D1D5DD /* Products */,
				57E480DFB2201E76459E015A /* Pods */,
				F8306F31290D218FF821B295 /* Frameworks */,
			);
			sourceTree = "<group>";
		};
		F3A8B62C2A99A12800D1D5DD /* Products */ = {
			isa = PBXGroup;
			children = (
				F3A8B62B2A99A12800D1D5DD /* FantasticView.app */,
				F3A8B6412A99A12A00D1D5DD /* FantasticViewTests.xctest */,
				F3A8B64B2A99A12A00D1D5DD /* FantasticViewUITests.xctest */,
			);
			name = Products;
			sourceTree = "<group>";
		};
		F3A8B62D2A99A12800D1D5DD /* FantasticView */ = {
			isa = PBXGroup;
			children = (
				F3684FDB2AA2EE8F0048A32B /* Helper */,
				F3684FDA2AA2EE6D0048A32B /* TextureExample */,
				F3684FD92AA2EE480048A32B /* UIKitExample */,
				F3A8B62E2A99A12800D1D5DD /* AppDelegate.swift */,
				F3A8B6302A99A12800D1D5DD /* SceneDelegate.swift */,
				F3A8B6342A99A12800D1D5DD /* Main.storyboard */,
				F3A8B6372A99A12900D1D5DD /* Assets.xcassets */,
				F3A8B6392A99A12900D1D5DD /* LaunchScreen.storyboard */,
				F3A8B63C2A99A12900D1D5DD /* Info.plist */,
			);
			path = FantasticView;
			sourceTree = "<group>";
		};
		F3A8B6442A99A12A00D1D5DD /* FantasticViewTests */ = {
			isa = PBXGroup;
			children = (
				F3A8B6452A99A12A00D1D5DD /* FantasticViewTests.swift */,
			);
			path = FantasticViewTests;
			sourceTree = "<group>";
		};
		F3A8B64E2A99A12A00D1D5DD /* FantasticViewUITests */ = {
			isa = PBXGroup;
			children = (
				F3A8B64F2A99A12A00D1D5DD /* FantasticViewUITests.swift */,
				F3A8B6512A99A12A00D1D5DD /* FantasticViewUITestsLaunchTests.swift */,
			);
			path = FantasticViewUITests;
			sourceTree = "<group>";
		};
		F8306F31290D218FF821B295 /* Frameworks */ = {
			isa = PBXGroup;
			children = (
				61C6B30909C342F571AA13F5 /* Pods_FantasticView.framework */,
				01B3170BD4F09063F8D92312 /* Pods_FantasticView_FantasticViewUITests.framework */,
				AA4775CEC8C7D5334D410BEA /* Pods_FantasticViewTests.framework */,
			);
			name = Frameworks;
			sourceTree = "<group>";
		};
/* End PBXGroup section */

/* Begin PBXNativeTarget section */
		F3A8B62A2A99A12800D1D5DD /* FantasticView */ = {
			isa = PBXNativeTarget;
			buildConfigurationList = F3A8B6552A99A12A00D1D5DD /* Build configuration list for PBXNativeTarget "FantasticView" */;
			buildPhases = (
				8BDEB48959A92836EB565595 /* [CP] Check Pods Manifest.lock */,
				F3A8B6272A99A12800D1D5DD /* Sources */,
				F3A8B6282A99A12800D1D5DD /* Frameworks */,
				F3A8B6292A99A12800D1D5DD /* Resources */,
				6979A19B01CDF8471CF62D49 /* [CP] Embed Pods Frameworks */,
			);
			buildRules = (
			);
			dependencies = (
			);
			name = FantasticView;
			productName = FantasticView;
			productReference = F3A8B62B2A99A12800D1D5DD /* FantasticView.app */;
			productType = "com.apple.product-type.application";
		};
		F3A8B6402A99A12A00D1D5DD /* FantasticViewTests */ = {
			isa = PBXNativeTarget;
			buildConfigurationList = F3A8B6582A99A12A00D1D5DD /* Build configuration list for PBXNativeTarget "FantasticViewTests" */;
			buildPhases = (
				847FFF4F9809241BB32F6B59 /* [CP] Check Pods Manifest.lock */,
				F3A8B63D2A99A12A00D1D5DD /* Sources */,
				F3A8B63E2A99A12A00D1D5DD /* Frameworks */,
				F3A8B63F2A99A12A00D1D5DD /* Resources */,
			);
			buildRules = (
			);
			dependencies = (
				F3A8B6432A99A12A00D1D5DD /* PBXTargetDependency */,
			);
			name = FantasticViewTests;
			productName = FantasticViewTests;
			productReference = F3A8B6412A99A12A00D1D5DD /* FantasticViewTests.xctest */;
			productType = "com.apple.product-type.bundle.unit-test";
		};
		F3A8B64A2A99A12A00D1D5DD /* FantasticViewUITests */ = {
			isa = PBXNativeTarget;
			buildConfigurationList = F3A8B65B2A99A12A00D1D5DD /* Build configuration list for PBXNativeTarget "FantasticViewUITests" */;
			buildPhases = (
				05377E2BC6F2A72071336EC7 /* [CP] Check Pods Manifest.lock */,
				F3A8B6472A99A12A00D1D5DD /* Sources */,
				F3A8B6482A99A12A00D1D5DD /* Frameworks */,
				F3A8B6492A99A12A00D1D5DD /* Resources */,
				9AFAD620141B7C5B8044B182 /* [CP] Embed Pods Frameworks */,
			);
			buildRules = (
			);
			dependencies = (
				F3A8B64D2A99A12A00D1D5DD /* PBXTargetDependency */,
			);
			name = FantasticViewUITests;
			productName = FantasticViewUITests;
			productReference = F3A8B64B2A99A12A00D1D5DD /* FantasticViewUITests.xctest */;
			productType = "com.apple.product-type.bundle.ui-testing";
		};
/* End PBXNativeTarget section */

/* Begin PBXProject section */
		F3A8B6232A99A12800D1D5DD /* Project object */ = {
			isa = PBXProject;
			attributes = {
				BuildIndependentTargetsInParallel = 1;
				LastSwiftUpdateCheck = 1430;
				LastUpgradeCheck = 1430;
				TargetAttributes = {
					F3A8B62A2A99A12800D1D5DD = {
						CreatedOnToolsVersion = 14.3.1;
					};
					F3A8B6402A99A12A00D1D5DD = {
						CreatedOnToolsVersion = 14.3.1;
						TestTargetID = F3A8B62A2A99A12800D1D5DD;
					};
					F3A8B64A2A99A12A00D1D5DD = {
						CreatedOnToolsVersion = 14.3.1;
						TestTargetID = F3A8B62A2A99A12800D1D5DD;
					};
				};
			};
			buildConfigurationList = F3A8B6262A99A12800D1D5DD /* Build configuration list for PBXProject "FantasticView" */;
			compatibilityVersion = "Xcode 14.0";
			developmentRegion = en;
			hasScannedForEncodings = 0;
			knownRegions = (
				en,
				Base,
			);
			mainGroup = F3A8B6222A99A12800D1D5DD;
			productRefGroup = F3A8B62C2A99A12800D1D5DD /* Products */;
			projectDirPath = "";
			projectRoot = "";
			targets = (
				F3A8B62A2A99A12800D1D5DD /* FantasticView */,
				F3A8B6402A99A12A00D1D5DD /* FantasticViewTests */,
				F3A8B64A2A99A12A00D1D5DD /* FantasticViewUITests */,
			);
		};
/* End PBXProject section */

/* Begin PBXResourcesBuildPhase section */
		F3A8B6292A99A12800D1D5DD /* Resources */ = {
			isa = PBXResourcesBuildPhase;
			buildActionMask = 2147483647;
			files = (
				F3A8B63B2A99A12900D1D5DD /* LaunchScreen.storyboard in Resources */,
				F3A8B6382A99A12900D1D5DD /* Assets.xcassets in Resources */,
				F3A8B6362A99A12800D1D5DD /* Main.storyboard in Resources */,
			);
			runOnlyForDeploymentPostprocessing = 0;
		};
		F3A8B63F2A99A12A00D1D5DD /* Resources */ = {
			isa = PBXResourcesBuildPhase;
			buildActionMask = 2147483647;
			files = (
			);
			runOnlyForDeploymentPostprocessing = 0;
		};
		F3A8B6492A99A12A00D1D5DD /* Resources */ = {
			isa = PBXResourcesBuildPhase;
			buildActionMask = 2147483647;
			files = (
			);
			runOnlyForDeploymentPostprocessing = 0;
		};
/* End PBXResourcesBuildPhase section */

/* Begin PBXShellScriptBuildPhase section */
		05377E2BC6F2A72071336EC7 /* [CP] Check Pods Manifest.lock */ = {
			isa = PBXShellScriptBuildPhase;
			buildActionMask = 2147483647;
			files = (
			);
			inputFileListPaths = (
			);
			inputPaths = (
				"${PODS_PODFILE_DIR_PATH}/Podfile.lock",
				"${PODS_ROOT}/Manifest.lock",
			);
			name = "[CP] Check Pods Manifest.lock";
			outputFileListPaths = (
			);
			outputPaths = (
				"$(DERIVED_FILE_DIR)/Pods-FantasticView-FantasticViewUITests-checkManifestLockResult.txt",
			);
			runOnlyForDeploymentPostprocessing = 0;
			shellPath = /bin/sh;
			shellScript = "diff \"${PODS_PODFILE_DIR_PATH}/Podfile.lock\" \"${PODS_ROOT}/Manifest.lock\" > /dev/null\nif [ $? != 0 ] ; then\n    # print error to STDERR\n    echo \"error: The sandbox is not in sync with the Podfile.lock. Run 'pod install' or update your CocoaPods installation.\" >&2\n    exit 1\nfi\n# This output is used by Xcode 'outputs' to avoid re-running this script phase.\necho \"SUCCESS\" > \"${SCRIPT_OUTPUT_FILE_0}\"\n";
			showEnvVarsInLog = 0;
		};
		6979A19B01CDF8471CF62D49 /* [CP] Embed Pods Frameworks */ = {
			isa = PBXShellScriptBuildPhase;
			buildActionMask = 2147483647;
			files = (
			);
			inputFileListPaths = (
				"${PODS_ROOT}/Target Support Files/Pods-FantasticView/Pods-FantasticView-frameworks-${CONFIGURATION}-input-files.xcfilelist",
			);
			name = "[CP] Embed Pods Frameworks";
			outputFileListPaths = (
				"${PODS_ROOT}/Target Support Files/Pods-FantasticView/Pods-FantasticView-frameworks-${CONFIGURATION}-output-files.xcfilelist",
			);
			runOnlyForDeploymentPostprocessing = 0;
			shellPath = /bin/sh;
			shellScript = "\"${PODS_ROOT}/Target Support Files/Pods-FantasticView/Pods-FantasticView-frameworks.sh\"\n";
			showEnvVarsInLog = 0;
		};
		847FFF4F9809241BB32F6B59 /* [CP] Check Pods Manifest.lock */ = {
			isa = PBXShellScriptBuildPhase;
			buildActionMask = 2147483647;
			files = (
			);
			inputFileListPaths = (
			);
			inputPaths = (
				"${PODS_PODFILE_DIR_PATH}/Podfile.lock",
				"${PODS_ROOT}/Manifest.lock",
			);
			name = "[CP] Check Pods Manifest.lock";
			outputFileListPaths = (
			);
			outputPaths = (
				"$(DERIVED_FILE_DIR)/Pods-FantasticViewTests-checkManifestLockResult.txt",
			);
			runOnlyForDeploymentPostprocessing = 0;
			shellPath = /bin/sh;
			shellScript = "diff \"${PODS_PODFILE_DIR_PATH}/Podfile.lock\" \"${PODS_ROOT}/Manifest.lock\" > /dev/null\nif [ $? != 0 ] ; then\n    # print error to STDERR\n    echo \"error: The sandbox is not in sync with the Podfile.lock. Run 'pod install' or update your CocoaPods installation.\" >&2\n    exit 1\nfi\n# This output is used by Xcode 'outputs' to avoid re-running this script phase.\necho \"SUCCESS\" > \"${SCRIPT_OUTPUT_FILE_0}\"\n";
			showEnvVarsInLog = 0;
		};
		8BDEB48959A92836EB565595 /* [CP] Check Pods Manifest.lock */ = {
			isa = PBXShellScriptBuildPhase;
			buildActionMask = 2147483647;
			files = (
			);
			inputFileListPaths = (
			);
			inputPaths = (
				"${PODS_PODFILE_DIR_PATH}/Podfile.lock",
				"${PODS_ROOT}/Manifest.lock",
			);
			name = "[CP] Check Pods Manifest.lock";
			outputFileListPaths = (
			);
			outputPaths = (
				"$(DERIVED_FILE_DIR)/Pods-FantasticView-checkManifestLockResult.txt",
			);
			runOnlyForDeploymentPostprocessing = 0;
			shellPath = /bin/sh;
			shellScript = "diff \"${PODS_PODFILE_DIR_PATH}/Podfile.lock\" \"${PODS_ROOT}/Manifest.lock\" > /dev/null\nif [ $? != 0 ] ; then\n    # print error to STDERR\n    echo \"error: The sandbox is not in sync with the Podfile.lock. Run 'pod install' or update your CocoaPods installation.\" >&2\n    exit 1\nfi\n# This output is used by Xcode 'outputs' to avoid re-running this script phase.\necho \"SUCCESS\" > \"${SCRIPT_OUTPUT_FILE_0}\"\n";
			showEnvVarsInLog = 0;
		};
		9AFAD620141B7C5B8044B182 /* [CP] Embed Pods Frameworks */ = {
			isa = PBXShellScriptBuildPhase;
			buildActionMask = 2147483647;
			files = (
			);
			inputFileListPaths = (
				"${PODS_ROOT}/Target Support Files/Pods-FantasticView-FantasticViewUITests/Pods-FantasticView-FantasticViewUITests-frameworks-${CONFIGURATION}-input-files.xcfilelist",
			);
			name = "[CP] Embed Pods Frameworks";
			outputFileListPaths = (
				"${PODS_ROOT}/Target Support Files/Pods-FantasticView-FantasticViewUITests/Pods-FantasticView-FantasticViewUITests-frameworks-${CONFIGURATION}-output-files.xcfilelist",
			);
			runOnlyForDeploymentPostprocessing = 0;
			shellPath = /bin/sh;
			shellScript = "\"${PODS_ROOT}/Target Support Files/Pods-FantasticView-FantasticViewUITests/Pods-FantasticView-FantasticViewUITests-frameworks.sh\"\n";
			showEnvVarsInLog = 0;
		};
/* End PBXShellScriptBuildPhase section */

/* Begin PBXSourcesBuildPhase section */
		F3A8B6272A99A12800D1D5DD /* Sources */ = {
			isa = PBXSourcesBuildPhase;
			buildActionMask = 2147483647;
			files = (
				F3A8B6332A99A12800D1D5DD /* ViewController.swift in Sources */,
				F3A8B62F2A99A12800D1D5DD /* AppDelegate.swift in Sources */,
				F3684FD82AA2EACF0048A32B /* FantasticViewController.swift in Sources */,
				F3684FDD2AA2EEA50048A32B /* SceneDelegate+Extension.swift in Sources */,
				F3A8B65F2A99A15E00D1D5DD /* FantasticView.swift in Sources */,
				F3684FD62AA2EA100048A32B /* FantasticNode.swift in Sources */,
				F3A8B6312A99A12800D1D5DD /* SceneDelegate.swift in Sources */,
			);
			runOnlyForDeploymentPostprocessing = 0;
		};
		F3A8B63D2A99A12A00D1D5DD /* Sources */ = {
			isa = PBXSourcesBuildPhase;
			buildActionMask = 2147483647;
			files = (
				F3A8B6462A99A12A00D1D5DD /* FantasticViewTests.swift in Sources */,
			);
			runOnlyForDeploymentPostprocessing = 0;
		};
		F3A8B6472A99A12A00D1D5DD /* Sources */ = {
			isa = PBXSourcesBuildPhase;
			buildActionMask = 2147483647;
			files = (
				F3A8B6502A99A12A00D1D5DD /* FantasticViewUITests.swift in Sources */,
				F3A8B6522A99A12A00D1D5DD /* FantasticViewUITestsLaunchTests.swift in Sources */,
			);
			runOnlyForDeploymentPostprocessing = 0;
		};
/* End PBXSourcesBuildPhase section */

/* Begin PBXTargetDependency section */
		F3A8B6432A99A12A00D1D5DD /* PBXTargetDependency */ = {
			isa = PBXTargetDependency;
			target = F3A8B62A2A99A12800D1D5DD /* FantasticView */;
			targetProxy = F3A8B6422A99A12A00D1D5DD /* PBXContainerItemProxy */;
		};
		F3A8B64D2A99A12A00D1D5DD /* PBXTargetDependency */ = {
			isa = PBXTargetDependency;
			target = F3A8B62A2A99A12800D1D5DD /* FantasticView */;
			targetProxy = F3A8B64C2A99A12A00D1D5DD /* PBXContainerItemProxy */;
		};
/* End PBXTargetDependency section */

/* Begin PBXVariantGroup section */
		F3A8B6342A99A12800D1D5DD /* Main.storyboard */ = {
			isa = PBXVariantGroup;
			children = (
				F3A8B6352A99A12800D1D5DD /* Base */,
			);
			name = Main.storyboard;
			sourceTree = "<group>";
		};
		F3A8B6392A99A12900D1D5DD /* LaunchScreen.storyboard */ = {
			isa = PBXVariantGroup;
			children = (
				F3A8B63A2A99A12900D1D5DD /* Base */,
			);
			name = LaunchScreen.storyboard;
			sourceTree = "<group>";
		};
/* End PBXVariantGroup section */

/* Begin XCBuildConfiguration section */
		F3A8B6532A99A12A00D1D5DD /* Debug */ = {
			isa = XCBuildConfiguration;
			buildSettings = {
				ALWAYS_SEARCH_USER_PATHS = NO;
				CLANG_ANALYZER_NONNULL = YES;
				CLANG_ANALYZER_NUMBER_OBJECT_CONVERSION = YES_AGGRESSIVE;
				CLANG_CXX_LANGUAGE_STANDARD = "gnu++20";
				CLANG_ENABLE_MODULES = YES;
				CLANG_ENABLE_OBJC_ARC = YES;
				CLANG_ENABLE_OBJC_WEAK = YES;
				CLANG_WARN_BLOCK_CAPTURE_AUTORELEASING = YES;
				CLANG_WARN_BOOL_CONVERSION = YES;
				CLANG_WARN_COMMA = YES;
				CLANG_WARN_CONSTANT_CONVERSION = YES;
				CLANG_WARN_DEPRECATED_OBJC_IMPLEMENTATIONS = YES;
				CLANG_WARN_DIRECT_OBJC_ISA_USAGE = YES_ERROR;
				CLANG_WARN_DOCUMENTATION_COMMENTS = YES;
				CLANG_WARN_EMPTY_BODY = YES;
				CLANG_WARN_ENUM_CONVERSION = YES;
				CLANG_WARN_INFINITE_RECURSION = YES;
				CLANG_WARN_INT_CONVERSION = YES;
				CLANG_WARN_NON_LITERAL_NULL_CONVERSION = YES;
				CLANG_WARN_OBJC_IMPLICIT_RETAIN_SELF = YES;
				CLANG_WARN_OBJC_LITERAL_CONVERSION = YES;
				CLANG_WARN_OBJC_ROOT_CLASS = YES_ERROR;
				CLANG_WARN_QUOTED_INCLUDE_IN_FRAMEWORK_HEADER = YES;
				CLANG_WARN_RANGE_LOOP_ANALYSIS = YES;
				CLANG_WARN_STRICT_PROTOTYPES = YES;
				CLANG_WARN_SUSPICIOUS_MOVE = YES;
				CLANG_WARN_UNGUARDED_AVAILABILITY = YES_AGGRESSIVE;
				CLANG_WARN_UNREACHABLE_CODE = YES;
				CLANG_WARN__DUPLICATE_METHOD_MATCH = YES;
				COPY_PHASE_STRIP = NO;
				DEBUG_INFORMATION_FORMAT = dwarf;
				ENABLE_STRICT_OBJC_MSGSEND = YES;
				ENABLE_TESTABILITY = YES;
				GCC_C_LANGUAGE_STANDARD = gnu11;
				GCC_DYNAMIC_NO_PIC = NO;
				GCC_NO_COMMON_BLOCKS = YES;
				GCC_OPTIMIZATION_LEVEL = 0;
				GCC_PREPROCESSOR_DEFINITIONS = (
					"DEBUG=1",
					"$(inherited)",
				);
				GCC_WARN_64_TO_32_BIT_CONVERSION = YES;
				GCC_WARN_ABOUT_RETURN_TYPE = YES_ERROR;
				GCC_WARN_UNDECLARED_SELECTOR = YES;
				GCC_WARN_UNINITIALIZED_AUTOS = YES_AGGRESSIVE;
				GCC_WARN_UNUSED_FUNCTION = YES;
				GCC_WARN_UNUSED_VARIABLE = YES;
				IPHONEOS_DEPLOYMENT_TARGET = 16.4;
				MTL_ENABLE_DEBUG_INFO = INCLUDE_SOURCE;
				MTL_FAST_MATH = YES;
				ONLY_ACTIVE_ARCH = YES;
				SDKROOT = iphoneos;
				SWIFT_ACTIVE_COMPILATION_CONDITIONS = DEBUG;
				SWIFT_OPTIMIZATION_LEVEL = "-Onone";
			};
			name = Debug;
		};
		F3A8B6542A99A12A00D1D5DD /* Release */ = {
			isa = XCBuildConfiguration;
			buildSettings = {
				ALWAYS_SEARCH_USER_PATHS = NO;
				CLANG_ANALYZER_NONNULL = YES;
				CLANG_ANALYZER_NUMBER_OBJECT_CONVERSION = YES_AGGRESSIVE;
				CLANG_CXX_LANGUAGE_STANDARD = "gnu++20";
				CLANG_ENABLE_MODULES = YES;
				CLANG_ENABLE_OBJC_ARC = YES;
				CLANG_ENABLE_OBJC_WEAK = YES;
				CLANG_WARN_BLOCK_CAPTURE_AUTORELEASING = YES;
				CLANG_WARN_BOOL_CONVERSION = YES;
				CLANG_WARN_COMMA = YES;
				CLANG_WARN_CONSTANT_CONVERSION = YES;
				CLANG_WARN_DEPRECATED_OBJC_IMPLEMENTATIONS = YES;
				CLANG_WARN_DIRECT_OBJC_ISA_USAGE = YES_ERROR;
				CLANG_WARN_DOCUMENTATION_COMMENTS = YES;
				CLANG_WARN_EMPTY_BODY = YES;
				CLANG_WARN_ENUM_CONVERSION = YES;
				CLANG_WARN_INFINITE_RECURSION = YES;
				CLANG_WARN_INT_CONVERSION = YES;
				CLANG_WARN_NON_LITERAL_NULL_CONVERSION = YES;
				CLANG_WARN_OBJC_IMPLICIT_RETAIN_SELF = YES;
				CLANG_WARN_OBJC_LITERAL_CONVERSION = YES;
				CLANG_WARN_OBJC_ROOT_CLASS = YES_ERROR;
				CLANG_WARN_QUOTED_INCLUDE_IN_FRAMEWORK_HEADER = YES;
				CLANG_WARN_RANGE_LOOP_ANALYSIS = YES;
				CLANG_WARN_STRICT_PROTOTYPES = YES;
				CLANG_WARN_SUSPICIOUS_MOVE = YES;
				CLANG_WARN_UNGUARDED_AVAILABILITY = YES_AGGRESSIVE;
				CLANG_WARN_UNREACHABLE_CODE = YES;
				CLANG_WARN__DUPLICATE_METHOD_MATCH = YES;
				COPY_PHASE_STRIP = NO;
				DEBUG_INFORMATION_FORMAT = "dwarf-with-dsym";
				ENABLE_NS_ASSERTIONS = NO;
				ENABLE_STRICT_OBJC_MSGSEND = YES;
				GCC_C_LANGUAGE_STANDARD = gnu11;
				GCC_NO_COMMON_BLOCKS = YES;
				GCC_WARN_64_TO_32_BIT_CONVERSION = YES;
				GCC_WARN_ABOUT_RETURN_TYPE = YES_ERROR;
				GCC_WARN_UNDECLARED_SELECTOR = YES;
				GCC_WARN_UNINITIALIZED_AUTOS = YES_AGGRESSIVE;
				GCC_WARN_UNUSED_FUNCTION = YES;
				GCC_WARN_UNUSED_VARIABLE = YES;
				IPHONEOS_DEPLOYMENT_TARGET = 16.4;
				MTL_ENABLE_DEBUG_INFO = NO;
				MTL_FAST_MATH = YES;
				SDKROOT = iphoneos;
				SWIFT_COMPILATION_MODE = wholemodule;
				SWIFT_OPTIMIZATION_LEVEL = "-O";
				VALIDATE_PRODUCT = YES;
			};
			name = Release;
		};
		F3A8B6562A99A12A00D1D5DD /* Debug */ = {
			isa = XCBuildConfiguration;
			baseConfigurationReference = CDDD00ACD71FF143D7874B34 /* Pods-FantasticView.debug.xcconfig */;
			buildSettings = {
				ASSETCATALOG_COMPILER_APPICON_NAME = AppIcon;
				ASSETCATALOG_COMPILER_GLOBAL_ACCENT_COLOR_NAME = AccentColor;
				CODE_SIGN_STYLE = Automatic;
				CURRENT_PROJECT_VERSION = 1;
				DEVELOPMENT_TEAM = AM9KG4TB3A;
				GENERATE_INFOPLIST_FILE = YES;
				INFOPLIST_FILE = FantasticView/Info.plist;
				INFOPLIST_KEY_UIApplicationSupportsIndirectInputEvents = YES;
				INFOPLIST_KEY_UILaunchStoryboardName = LaunchScreen;
				INFOPLIST_KEY_UIMainStoryboardFile = Main;
				INFOPLIST_KEY_UISupportedInterfaceOrientations = UIInterfaceOrientationPortrait;
				LD_RUNPATH_SEARCH_PATHS = (
					"$(inherited)",
					"@executable_path/Frameworks",
				);
				MARKETING_VERSION = 1.0;
				PRODUCT_BUNDLE_IDENTIFIER = com.adisurya.FantasticView;
				PRODUCT_NAME = "$(TARGET_NAME)";
				SWIFT_EMIT_LOC_STRINGS = YES;
				SWIFT_VERSION = 5.0;
				TARGETED_DEVICE_FAMILY = "1,2";
			};
			name = Debug;
		};
		F3A8B6572A99A12A00D1D5DD /* Release */ = {
			isa = XCBuildConfiguration;
			baseConfigurationReference = 2A0456D2B860A6AF09D6B262 /* Pods-FantasticView.release.xcconfig */;
			buildSettings = {
				ASSETCATALOG_COMPILER_APPICON_NAME = AppIcon;
				ASSETCATALOG_COMPILER_GLOBAL_ACCENT_COLOR_NAME = AccentColor;
				CODE_SIGN_STYLE = Automatic;
				CURRENT_PROJECT_VERSION = 1;
				DEVELOPMENT_TEAM = AM9KG4TB3A;
				GENERATE_INFOPLIST_FILE = YES;
				INFOPLIST_FILE = FantasticView/Info.plist;
				INFOPLIST_KEY_UIApplicationSupportsIndirectInputEvents = YES;
				INFOPLIST_KEY_UILaunchStoryboardName = LaunchScreen;
				INFOPLIST_KEY_UIMainStoryboardFile = Main;
				INFOPLIST_KEY_UISupportedInterfaceOrientations = UIInterfaceOrientationPortrait;
				LD_RUNPATH_SEARCH_PATHS = (
					"$(inherited)",
					"@executable_path/Frameworks",
				);
				MARKETING_VERSION = 1.0;
				PRODUCT_BUNDLE_IDENTIFIER = com.adisurya.FantasticView;
				PRODUCT_NAME = "$(TARGET_NAME)";
				SWIFT_EMIT_LOC_STRINGS = YES;
				SWIFT_VERSION = 5.0;
				TARGETED_DEVICE_FAMILY = "1,2";
			};
			name = Release;
		};
		F3A8B6592A99A12A00D1D5DD /* Debug */ = {
			isa = XCBuildConfiguration;
			baseConfigurationReference = D9300A98D5D4E1EFE6891991 /* Pods-FantasticViewTests.debug.xcconfig */;
			buildSettings = {
				ALWAYS_EMBED_SWIFT_STANDARD_LIBRARIES = YES;
				BUNDLE_LOADER = "$(TEST_HOST)";
				CODE_SIGN_STYLE = Automatic;
				CURRENT_PROJECT_VERSION = 1;
				DEVELOPMENT_TEAM = AM9KG4TB3A;
				GENERATE_INFOPLIST_FILE = YES;
				IPHONEOS_DEPLOYMENT_TARGET = 16.4;
				MARKETING_VERSION = 1.0;
				PRODUCT_BUNDLE_IDENTIFIER = com.adisurya.FantasticViewTests;
				PRODUCT_NAME = "$(TARGET_NAME)";
				SWIFT_EMIT_LOC_STRINGS = NO;
				SWIFT_VERSION = 5.0;
				TARGETED_DEVICE_FAMILY = "1,2";
				TEST_HOST = "$(BUILT_PRODUCTS_DIR)/FantasticView.app/$(BUNDLE_EXECUTABLE_FOLDER_PATH)/FantasticView";
			};
			name = Debug;
		};
		F3A8B65A2A99A12A00D1D5DD /* Release */ = {
			isa = XCBuildConfiguration;
			baseConfigurationReference = 3F75D2D15AA7178C01556B2C /* Pods-FantasticViewTests.release.xcconfig */;
			buildSettings = {
				ALWAYS_EMBED_SWIFT_STANDARD_LIBRARIES = YES;
				BUNDLE_LOADER = "$(TEST_HOST)";
				CODE_SIGN_STYLE = Automatic;
				CURRENT_PROJECT_VERSION = 1;
				DEVELOPMENT_TEAM = AM9KG4TB3A;
				GENERATE_INFOPLIST_FILE = YES;
				IPHONEOS_DEPLOYMENT_TARGET = 16.4;
				MARKETING_VERSION = 1.0;
				PRODUCT_BUNDLE_IDENTIFIER = com.adisurya.FantasticViewTests;
				PRODUCT_NAME = "$(TARGET_NAME)";
				SWIFT_EMIT_LOC_STRINGS = NO;
				SWIFT_VERSION = 5.0;
				TARGETED_DEVICE_FAMILY = "1,2";
				TEST_HOST = "$(BUILT_PRODUCTS_DIR)/FantasticView.app/$(BUNDLE_EXECUTABLE_FOLDER_PATH)/FantasticView";
			};
			name = Release;
		};
		F3A8B65C2A99A12A00D1D5DD /* Debug */ = {
			isa = XCBuildConfiguration;
			baseConfigurationReference = 0711E9E3AE2E569C80AF514E /* Pods-FantasticView-FantasticViewUITests.debug.xcconfig */;
			buildSettings = {
				ALWAYS_EMBED_SWIFT_STANDARD_LIBRARIES = YES;
				CODE_SIGN_STYLE = Automatic;
				CURRENT_PROJECT_VERSION = 1;
				DEVELOPMENT_TEAM = AM9KG4TB3A;
				GENERATE_INFOPLIST_FILE = YES;
				MARKETING_VERSION = 1.0;
				PRODUCT_BUNDLE_IDENTIFIER = com.adisurya.FantasticViewUITests;
				PRODUCT_NAME = "$(TARGET_NAME)";
				SWIFT_EMIT_LOC_STRINGS = NO;
				SWIFT_VERSION = 5.0;
				TARGETED_DEVICE_FAMILY = "1,2";
				TEST_TARGET_NAME = FantasticView;
			};
			name = Debug;
		};
		F3A8B65D2A99A12A00D1D5DD /* Release */ = {
			isa = XCBuildConfiguration;
			baseConfigurationReference = 35BA4FB7C008D7D19C487F91 /* Pods-FantasticView-FantasticViewUITests.release.xcconfig */;
			buildSettings = {
				ALWAYS_EMBED_SWIFT_STANDARD_LIBRARIES = YES;
				CODE_SIGN_STYLE = Automatic;
				CURRENT_PROJECT_VERSION = 1;
				DEVELOPMENT_TEAM = AM9KG4TB3A;
				GENERATE_INFOPLIST_FILE = YES;
				MARKETING_VERSION = 1.0;
				PRODUCT_BUNDLE_IDENTIFIER = com.adisurya.FantasticViewUITests;
				PRODUCT_NAME = "$(TARGET_NAME)";
				SWIFT_EMIT_LOC_STRINGS = NO;
				SWIFT_VERSION = 5.0;
				TARGETED_DEVICE_FAMILY = "1,2";
				TEST_TARGET_NAME = FantasticView;
			};
			name = Release;
		};
/* End XCBuildConfiguration section */

/* Begin XCConfigurationList section */
		F3A8B6262A99A12800D1D5DD /* Build configuration list for PBXProject "FantasticView" */ = {
			isa = XCConfigurationList;
			buildConfigurations = (
				F3A8B6532A99A12A00D1D5DD /* Debug */,
				F3A8B6542A99A12A00D1D5DD /* Release */,
			);
			defaultConfigurationIsVisible = 0;
			defaultConfigurationName = Release;
		};
		F3A8B6552A99A12A00D1D5DD /* Build configuration list for PBXNativeTarget "FantasticView" */ = {
			isa = XCConfigurationList;
			buildConfigurations = (
				F3A8B6562A99A12A00D1D5DD /* Debug */,
				F3A8B6572A99A12A00D1D5DD /* Release */,
			);
			defaultConfigurationIsVisible = 0;
			defaultConfigurationName = Release;
		};
		F3A8B6582A99A12A00D1D5DD /* Build configuration list for PBXNativeTarget "FantasticViewTests" */ = {
			isa = XCConfigurationList;
			buildConfigurations = (
				F3A8B6592A99A12A00D1D5DD /* Debug */,
				F3A8B65A2A99A12A00D1D5DD /* Release */,
			);
			defaultConfigurationIsVisible = 0;
			defaultConfigurationName = Release;
		};
		F3A8B65B2A99A12A00D1D5DD /* Build configuration list for PBXNativeTarget "FantasticViewUITests" */ = {
			isa = XCConfigurationList;
			buildConfigurations = (
				F3A8B65C2A99A12A00D1D5DD /* Debug */,
				F3A8B65D2A99A12A00D1D5DD /* Release */,
			);
			defaultConfigurationIsVisible = 0;
			defaultConfigurationName = Release;
		};
/* End XCConfigurationList section */
	};
	rootObject = F3A8B6232A99A12800D1D5DD /* Project object */;
}
